{
  "name": "quasar-app-extension-waelio",
  "version": "0.0.32",
  "lockfileVersion": 1,
  "requires": true,
  "dependencies": {
    "waelio-utils": {
      "version": "1.1.12",
      "resolved": "https://registry.npmjs.org/waelio-utils/-/waelio-utils-1.1.12.tgz",
      "integrity": "sha512-GK55+fRbmX3HPhjoJABk9UyQWSfQgkiMVmAyIFG1xlgotibbdEH9vYrWb1NkyeAVFV2ULNo0XMqe62aDnK0yYw=="
    }
  }
}
