{
  "name": "quasar-app-extension-waelio",
  "version": "0.1.12",
  "lockfileVersion": 3,
  "requires": true,
  "packages": {
    "": {
      "name": "quasar-app-extension-waelio",
      "version": "0.1.12",
      "license": "MIT",
      "engines": {
        "node": ">= 10.18.1",
        "npm": ">= 6.13.4",
        "yarn": ">= 1.21.1"
      }
    }
  }
}
